
Microsoft Visual Studio Solution File, Format Version 12.00
# Visual Studio Version 17
VisualStudioVersion = 17.3.32929.385
MinimumVisualStudioVersion = 10.0.40219.1
Project("{FAE04EC0-301F-11D3-BF4B-00C04F79EFBC}") = "University", "University\University.csproj", "{5D055B9E-5A76-4A57-8856-0C05610CDF80}"
EndProject
Global
	GlobalSection(SolutionConfigurationPlatforms) = preSolution
		Debug|Any CPU = Debug|Any CPU
		Release|Any CPU = Release|Any CPU
	EndGlobalSection
	GlobalSection(ProjectConfigurationPlatforms) = postSolution
		{5D055B9E-5A76-4A57-8856-0C05610CDF80}.Debug|Any CPU.ActiveCfg = Debug|Any CPU
		{5D055B9E-5A76-4A57-8856-0C05610CDF80}.Debug|Any CPU.Build.0 = Debug|Any CPU
		{5D055B9E-5A76-4A57-8856-0C05610CDF80}.Release|Any CPU.ActiveCfg = Release|Any CPU
		{5D055B9E-5A76-4A57-8856-0C05610CDF80}.Release|Any CPU.Build.0 = Release|Any CPU
	EndGlobalSection
	GlobalSection(SolutionProperties) = preSolution
		HideSolutionNode = FALSE
	EndGlobalSection
	GlobalSection(ExtensibilityGlobals) = postSolution
		SolutionGuid = {FA60535C-71A0-4318-BBB7-D8C6DBD36FDC}
	EndGlobalSection
EndGlobal
